
Microsoft Visual Studio Solution File, Format Version 12.00
# Visual Studio Version 16
VisualStudioVersion = 16.0.31624.102
MinimumVisualStudioVersion = 10.0.40219.1
Project("{FAE04EC0-301F-11D3-BF4B-00C04F79EFBC}") = "HomeWork4-1", "HomeWork4-1.csproj", "{08087110-3CC7-43EF-AA9E-89887747D533}"
EndProject
Global
	GlobalSection(SolutionConfigurationPlatforms) = preSolution
		Debug|Any CPU = Debug|Any CPU
		Release|Any CPU = Release|Any CPU
	EndGlobalSection
	GlobalSection(ProjectConfigurationPlatforms) = postSolution
		{08087110-3CC7-43EF-AA9E-89887747D533}.Debug|Any CPU.ActiveCfg = Debug|Any CPU
		{08087110-3CC7-43EF-AA9E-89887747D533}.Debug|Any CPU.Build.0 = Debug|Any CPU
		{08087110-3CC7-43EF-AA9E-89887747D533}.Release|Any CPU.ActiveCfg = Release|Any CPU
		{08087110-3CC7-43EF-AA9E-89887747D533}.Release|Any CPU.Build.0 = Release|Any CPU
	EndGlobalSection
	GlobalSection(SolutionProperties) = preSolution
		HideSolutionNode = FALSE
	EndGlobalSection
	GlobalSection(ExtensibilityGlobals) = postSolution
		SolutionGuid = {E13279A1-E330-4876-B168-2E5B309A4AEC}
	EndGlobalSection
EndGlobal
